// !$*UTF8*$!
{
	archiveVersion = 1;
	classes = {
	};
	objectVersion = 52;
	objects = {

/* Begin PBXBuildFile section */
		0539054024C4B927004DB1C7 /* AnimalListItem.swift in Sources */ = {isa = PBXBuildFile; fileRef = 0539053F24C4B927004DB1C7 /* AnimalListItem.swift */; };
		0539054224C4CB32004DB1C7 /* AnimalResponse.swift in Sources */ = {isa = PBXBuildFile; fileRef = 0539054124C4CB32004DB1C7 /* AnimalResponse.swift */; };
		0539054424F5D71D004DB1C7 /* AnimalListViewModel.swift in Sources */ = {isa = PBXBuildFile; fileRef = 0539054324F5D71D004DB1C7 /* AnimalListViewModel.swift */; };
		0539054624F5D762004DB1C7 /* PetfinderRepository.swift in Sources */ = {isa = PBXBuildFile; fileRef = 0539054524F5D762004DB1C7 /* PetfinderRepository.swift */; };
		0539054824FC707E004DB1C7 /* AppView.swift in Sources */ = {isa = PBXBuildFile; fileRef = 0539054724FC707E004DB1C7 /* AppView.swift */; };
		0539054A24FC7444004DB1C7 /* ShelterResponse.swift in Sources */ = {isa = PBXBuildFile; fileRef = 0539054924FC7444004DB1C7 /* ShelterResponse.swift */; };
		0539054C24FC763F004DB1C7 /* ShelterListItem.swift in Sources */ = {isa = PBXBuildFile; fileRef = 0539054B24FC763F004DB1C7 /* ShelterListItem.swift */; };
		0539054E2505A211004DB1C7 /* ShelterViewModel.swift in Sources */ = {isa = PBXBuildFile; fileRef = 0539054D2505A211004DB1C7 /* ShelterViewModel.swift */; };
		053905502505A2DA004DB1C7 /* ShelterListView.swift in Sources */ = {isa = PBXBuildFile; fileRef = 0539054F2505A2DA004DB1C7 /* ShelterListView.swift */; };
		05390556253CE04A004DB1C7 /* AnimalDetailView.swift in Sources */ = {isa = PBXBuildFile; fileRef = 05390555253CE04A004DB1C7 /* AnimalDetailView.swift */; };
		05390559253CE5CB004DB1C7 /* LocationManager.swift in Sources */ = {isa = PBXBuildFile; fileRef = 05390558253CE5CB004DB1C7 /* LocationManager.swift */; };
		0539055B253D1BBC004DB1C7 /* LocationView.swift in Sources */ = {isa = PBXBuildFile; fileRef = 0539055A253D1BBC004DB1C7 /* LocationView.swift */; };
		05395F1E25AB921C0013990B /* AnimalArguments.swift in Sources */ = {isa = PBXBuildFile; fileRef = 05395F1D25AB921C0013990B /* AnimalArguments.swift */; };
		05395F2125AB925C0013990B /* NearbyAnimalArguments.swift in Sources */ = {isa = PBXBuildFile; fileRef = 05395F2025AB925C0013990B /* NearbyAnimalArguments.swift */; };
		05395F2625ABC3140013990B /* ShelterAnimalArguments.swift in Sources */ = {isa = PBXBuildFile; fileRef = 05395F2525ABC3140013990B /* ShelterAnimalArguments.swift */; };
		05395F2D25DAFCA50013990B /* Resource.swift in Sources */ = {isa = PBXBuildFile; fileRef = 05395F2C25DAFCA50013990B /* Resource.swift */; };
		056CFB3724C37C710012CC7B /* AppDelegate.swift in Sources */ = {isa = PBXBuildFile; fileRef = 056CFB3624C37C710012CC7B /* AppDelegate.swift */; };
		056CFB3924C37C710012CC7B /* SceneDelegate.swift in Sources */ = {isa = PBXBuildFile; fileRef = 056CFB3824C37C710012CC7B /* SceneDelegate.swift */; };
		056CFB3B24C37C710012CC7B /* AnimalListView.swift in Sources */ = {isa = PBXBuildFile; fileRef = 056CFB3A24C37C710012CC7B /* AnimalListView.swift */; };
		056CFB3D24C37C730012CC7B /* Assets.xcassets in Resources */ = {isa = PBXBuildFile; fileRef = 056CFB3C24C37C730012CC7B /* Assets.xcassets */; };
		056CFB4024C37C730012CC7B /* Preview Assets.xcassets in Resources */ = {isa = PBXBuildFile; fileRef = 056CFB3F24C37C730012CC7B /* Preview Assets.xcassets */; };
		056CFB4324C37C730012CC7B /* LaunchScreen.storyboard in Resources */ = {isa = PBXBuildFile; fileRef = 056CFB4124C37C730012CC7B /* LaunchScreen.storyboard */; };
		057CEB0125E9819B009CD741 /* BreedListItem.swift in Sources */ = {isa = PBXBuildFile; fileRef = 057CEB0025E9819B009CD741 /* BreedListItem.swift */; };
		0584D3EA25E849D5004FBFC1 /* SearchView.swift in Sources */ = {isa = PBXBuildFile; fileRef = 0584D3E925E849D5004FBFC1 /* SearchView.swift */; };
		0584D3ED25E87437004FBFC1 /* SearchArgumentMapper.swift in Sources */ = {isa = PBXBuildFile; fileRef = 0584D3EC25E87437004FBFC1 /* SearchArgumentMapper.swift */; };
		0584D3F025E96CFE004FBFC1 /* BreedsResponse.swift in Sources */ = {isa = PBXBuildFile; fileRef = 0584D3EF25E96CFE004FBFC1 /* BreedsResponse.swift */; };
		0584D3F425E96EA5004FBFC1 /* SearchViewModel.swift in Sources */ = {isa = PBXBuildFile; fileRef = 0584D3F325E96EA5004FBFC1 /* SearchViewModel.swift */; };
		059E9D8E2752BB16004B76A2 /* AnimalGalleryView.swift in Sources */ = {isa = PBXBuildFile; fileRef = 059E9D8D2752BB16004B76A2 /* AnimalGalleryView.swift */; };
		05B317A22572BAB5006665C5 /* ImageCache.swift in Sources */ = {isa = PBXBuildFile; fileRef = 05B317A12572BAB5006665C5 /* ImageCache.swift */; };
		05B317A42572BAE8006665C5 /* AsyncImage.swift in Sources */ = {isa = PBXBuildFile; fileRef = 05B317A32572BAE8006665C5 /* AsyncImage.swift */; };
		05B317A62572BB09006665C5 /* ImageLoader.swift in Sources */ = {isa = PBXBuildFile; fileRef = 05B317A52572BB09006665C5 /* ImageLoader.swift */; };
		05B317A82572BC65006665C5 /* EnvironmentValues+ImageCache.swift in Sources */ = {isa = PBXBuildFile; fileRef = 05B317A72572BC65006665C5 /* EnvironmentValues+ImageCache.swift */; };
		05B462E22601907B00395F9D /* Realm in Frameworks */ = {isa = PBXBuildFile; productRef = 05B462E12601907B00395F9D /* Realm */; };
		05B462E42601907B00395F9D /* RealmSwift in Frameworks */ = {isa = PBXBuildFile; productRef = 05B462E32601907B00395F9D /* RealmSwift */; };
		05B462E7260687F600395F9D /* AnimalRealmObject.swift in Sources */ = {isa = PBXBuildFile; fileRef = 05B462E6260687F600395F9D /* AnimalRealmObject.swift */; };
		05B462EA260E972900395F9D /* RealmFavoritesManager.swift in Sources */ = {isa = PBXBuildFile; fileRef = 05B462E9260E972900395F9D /* RealmFavoritesManager.swift */; };
		05B462ED260EAA2600395F9D /* AnimalDetailViewModel.swift in Sources */ = {isa = PBXBuildFile; fileRef = 05B462EC260EAA2600395F9D /* AnimalDetailViewModel.swift */; };
		05B462F1260EB7B600395F9D /* FavoritesAnimalArguments.swift in Sources */ = {isa = PBXBuildFile; fileRef = 05B462F0260EB7B600395F9D /* FavoritesAnimalArguments.swift */; };
		05B462F526D4844E00395F9D /* SplashView.swift in Sources */ = {isa = PBXBuildFile; fileRef = 05B462F426D4844E00395F9D /* SplashView.swift */; };
		05B8E5D0274193FC00CEAF0F /* NavigationBarModifier.swift in Sources */ = {isa = PBXBuildFile; fileRef = 05B8E5CF274193FC00CEAF0F /* NavigationBarModifier.swift */; };
		05B8E5D22741998900CEAF0F /* Color.swift in Sources */ = {isa = PBXBuildFile; fileRef = 05B8E5D12741998900CEAF0F /* Color.swift */; };
		05B8E5D7274205B300CEAF0F /* NavigatorView.swift in Sources */ = {isa = PBXBuildFile; fileRef = 05B8E5D6274205B300CEAF0F /* NavigatorView.swift */; };
		05B8E5DB2744814700CEAF0F /* AnimalItemView.swift in Sources */ = {isa = PBXBuildFile; fileRef = 05B8E5DA2744814700CEAF0F /* AnimalItemView.swift */; };
		05C387CA27768FB300F82D68 /* Constants.swift in Sources */ = {isa = PBXBuildFile; fileRef = 05C387C927768FB300F82D68 /* Constants.swift */; };
/* End PBXBuildFile section */

/* Begin PBXFileReference section */
		0539053F24C4B927004DB1C7 /* AnimalListItem.swift */ = {isa = PBXFileReference; lastKnownFileType = sourcecode.swift; path = AnimalListItem.swift; sourceTree = "<group>"; };
		0539054124C4CB32004DB1C7 /* AnimalResponse.swift */ = {isa = PBXFileReference; lastKnownFileType = sourcecode.swift; path = AnimalResponse.swift; sourceTree = "<group>"; };
		0539054324F5D71D004DB1C7 /* AnimalListViewModel.swift */ = {isa = PBXFileReference; lastKnownFileType = sourcecode.swift; path = AnimalListViewModel.swift; sourceTree = "<group>"; };
		0539054524F5D762004DB1C7 /* PetfinderRepository.swift */ = {isa = PBXFileReference; lastKnownFileType = sourcecode.swift; path = PetfinderRepository.swift; sourceTree = "<group>"; };
		0539054724FC707E004DB1C7 /* AppView.swift */ = {isa = PBXFileReference; lastKnownFileType = sourcecode.swift; path = AppView.swift; sourceTree = "<group>"; };
		0539054924FC7444004DB1C7 /* ShelterResponse.swift */ = {isa = PBXFileReference; lastKnownFileType = sourcecode.swift; path = ShelterResponse.swift; sourceTree = "<group>"; };
		0539054B24FC763F004DB1C7 /* ShelterListItem.swift */ = {isa = PBXFileReference; lastKnownFileType = sourcecode.swift; path = ShelterListItem.swift; sourceTree = "<group>"; };
		0539054D2505A211004DB1C7 /* ShelterViewModel.swift */ = {isa = PBXFileReference; lastKnownFileType = sourcecode.swift; path = ShelterViewModel.swift; sourceTree = "<group>"; };
		0539054F2505A2DA004DB1C7 /* ShelterListView.swift */ = {isa = PBXFileReference; lastKnownFileType = sourcecode.swift; path = ShelterListView.swift; sourceTree = "<group>"; };
		05390555253CE04A004DB1C7 /* AnimalDetailView.swift */ = {isa = PBXFileReference; lastKnownFileType = sourcecode.swift; path = AnimalDetailView.swift; sourceTree = "<group>"; };
		05390558253CE5CB004DB1C7 /* LocationManager.swift */ = {isa = PBXFileReference; lastKnownFileType = sourcecode.swift; path = LocationManager.swift; sourceTree = "<group>"; };
		0539055A253D1BBC004DB1C7 /* LocationView.swift */ = {isa = PBXFileReference; lastKnownFileType = sourcecode.swift; path = LocationView.swift; sourceTree = "<group>"; };
		05395F1D25AB921C0013990B /* AnimalArguments.swift */ = {isa = PBXFileReference; lastKnownFileType = sourcecode.swift; path = AnimalArguments.swift; sourceTree = "<group>"; };
		05395F2025AB925C0013990B /* NearbyAnimalArguments.swift */ = {isa = PBXFileReference; lastKnownFileType = sourcecode.swift; path = NearbyAnimalArguments.swift; sourceTree = "<group>"; };
		05395F2525ABC3140013990B /* ShelterAnimalArguments.swift */ = {isa = PBXFileReference; lastKnownFileType = sourcecode.swift; path = ShelterAnimalArguments.swift; sourceTree = "<group>"; };
		05395F2C25DAFCA50013990B /* Resource.swift */ = {isa = PBXFileReference; lastKnownFileType = sourcecode.swift; path = Resource.swift; sourceTree = "<group>"; };
		056CFB3324C37C710012CC7B /* Adoptable.app */ = {isa = PBXFileReference; explicitFileType = wrapper.application; includeInIndex = 0; path = Adoptable.app; sourceTree = BUILT_PRODUCTS_DIR; };
		056CFB3624C37C710012CC7B /* AppDelegate.swift */ = {isa = PBXFileReference; lastKnownFileType = sourcecode.swift; path = AppDelegate.swift; sourceTree = "<group>"; };
		056CFB3824C37C710012CC7B /* SceneDelegate.swift */ = {isa = PBXFileReference; lastKnownFileType = sourcecode.swift; path = SceneDelegate.swift; sourceTree = "<group>"; };
		056CFB3A24C37C710012CC7B /* AnimalListView.swift */ = {isa = PBXFileReference; lastKnownFileType = sourcecode.swift; path = AnimalListView.swift; sourceTree = "<group>"; };
		056CFB3C24C37C730012CC7B /* Assets.xcassets */ = {isa = PBXFileReference; lastKnownFileType = folder.assetcatalog; path = Assets.xcassets; sourceTree = "<group>"; };
		056CFB3F24C37C730012CC7B /* Preview Assets.xcassets */ = {isa = PBXFileReference; lastKnownFileType = folder.assetcatalog; path = "Preview Assets.xcassets"; sourceTree = "<group>"; };
		056CFB4224C37C730012CC7B /* Base */ = {isa = PBXFileReference; lastKnownFileType = file.storyboard; name = Base; path = Base.lproj/LaunchScreen.storyboard; sourceTree = "<group>"; };
		056CFB4424C37C730012CC7B /* Info.plist */ = {isa = PBXFileReference; lastKnownFileType = text.plist.xml; path = Info.plist; sourceTree = "<group>"; };
		057CEB0025E9819B009CD741 /* BreedListItem.swift */ = {isa = PBXFileReference; lastKnownFileType = sourcecode.swift; path = BreedListItem.swift; sourceTree = "<group>"; };
		0584D3E925E849D5004FBFC1 /* SearchView.swift */ = {isa = PBXFileReference; lastKnownFileType = sourcecode.swift; path = SearchView.swift; sourceTree = "<group>"; };
		0584D3EC25E87437004FBFC1 /* SearchArgumentMapper.swift */ = {isa = PBXFileReference; lastKnownFileType = sourcecode.swift; path = SearchArgumentMapper.swift; sourceTree = "<group>"; };
		0584D3EF25E96CFE004FBFC1 /* BreedsResponse.swift */ = {isa = PBXFileReference; lastKnownFileType = sourcecode.swift; path = BreedsResponse.swift; sourceTree = "<group>"; };
		0584D3F325E96EA5004FBFC1 /* SearchViewModel.swift */ = {isa = PBXFileReference; lastKnownFileType = sourcecode.swift; path = SearchViewModel.swift; sourceTree = "<group>"; };
		059E9D8D2752BB16004B76A2 /* AnimalGalleryView.swift */ = {isa = PBXFileReference; lastKnownFileType = sourcecode.swift; path = AnimalGalleryView.swift; sourceTree = "<group>"; };
		05B317A12572BAB5006665C5 /* ImageCache.swift */ = {isa = PBXFileReference; lastKnownFileType = sourcecode.swift; path = ImageCache.swift; sourceTree = "<group>"; };
		05B317A32572BAE8006665C5 /* AsyncImage.swift */ = {isa = PBXFileReference; lastKnownFileType = sourcecode.swift; path = AsyncImage.swift; sourceTree = "<group>"; };
		05B317A52572BB09006665C5 /* ImageLoader.swift */ = {isa = PBXFileReference; lastKnownFileType = sourcecode.swift; path = ImageLoader.swift; sourceTree = "<group>"; };
		05B317A72572BC65006665C5 /* EnvironmentValues+ImageCache.swift */ = {isa = PBXFileReference; lastKnownFileType = sourcecode.swift; path = "EnvironmentValues+ImageCache.swift"; sourceTree = "<group>"; };
		05B462E6260687F600395F9D /* AnimalRealmObject.swift */ = {isa = PBXFileReference; lastKnownFileType = sourcecode.swift; path = AnimalRealmObject.swift; sourceTree = "<group>"; };
		05B462E9260E972900395F9D /* RealmFavoritesManager.swift */ = {isa = PBXFileReference; lastKnownFileType = sourcecode.swift; path = RealmFavoritesManager.swift; sourceTree = "<group>"; };
		05B462EC260EAA2600395F9D /* AnimalDetailViewModel.swift */ = {isa = PBXFileReference; lastKnownFileType = sourcecode.swift; path = AnimalDetailViewModel.swift; sourceTree = "<group>"; };
		05B462F0260EB7B600395F9D /* FavoritesAnimalArguments.swift */ = {isa = PBXFileReference; lastKnownFileType = sourcecode.swift; path = FavoritesAnimalArguments.swift; sourceTree = "<group>"; };
		05B462F426D4844E00395F9D /* SplashView.swift */ = {isa = PBXFileReference; lastKnownFileType = sourcecode.swift; path = SplashView.swift; sourceTree = "<group>"; };
		05B8E5CF274193FC00CEAF0F /* NavigationBarModifier.swift */ = {isa = PBXFileReference; lastKnownFileType = sourcecode.swift; path = NavigationBarModifier.swift; sourceTree = "<group>"; };
		05B8E5D12741998900CEAF0F /* Color.swift */ = {isa = PBXFileReference; lastKnownFileType = sourcecode.swift; path = Color.swift; sourceTree = "<group>"; };
		05B8E5D6274205B300CEAF0F /* NavigatorView.swift */ = {isa = PBXFileReference; lastKnownFileType = sourcecode.swift; path = NavigatorView.swift; sourceTree = "<group>"; };
		05B8E5DA2744814700CEAF0F /* AnimalItemView.swift */ = {isa = PBXFileReference; lastKnownFileType = sourcecode.swift; path = AnimalItemView.swift; sourceTree = "<group>"; };
		05C387C927768FB300F82D68 /* Constants.swift */ = {isa = PBXFileReference; fileEncoding = 4; lastKnownFileType = sourcecode.swift; name = Constants.swift; path = app/Constants.swift; sourceTree = "<group>"; };
/* End PBXFileReference section */

/* Begin PBXFrameworksBuildPhase section */
		056CFB3024C37C710012CC7B /* Frameworks */ = {
			isa = PBXFrameworksBuildPhase;
			buildActionMask = 2147483647;
			files = (
				05B462E42601907B00395F9D /* RealmSwift in Frameworks */,
				05B462E22601907B00395F9D /* Realm in Frameworks */,
			);
			runOnlyForDeploymentPostprocessing = 0;
		};
/* End PBXFrameworksBuildPhase section */

/* Begin PBXGroup section */
		053905512505AEEE004DB1C7 /* network */ = {
			isa = PBXGroup;
			children = (
				05B317A02572BA93006665C5 /* image */,
				0539054524F5D762004DB1C7 /* PetfinderRepository.swift */,
				0539054124C4CB32004DB1C7 /* AnimalResponse.swift */,
				0539054924FC7444004DB1C7 /* ShelterResponse.swift */,
				0584D3EF25E96CFE004FBFC1 /* BreedsResponse.swift */,
				05395F1D25AB921C0013990B /* AnimalArguments.swift */,
				05395F2025AB925C0013990B /* NearbyAnimalArguments.swift */,
				05395F2525ABC3140013990B /* ShelterAnimalArguments.swift */,
				05B462F0260EB7B600395F9D /* FavoritesAnimalArguments.swift */,
			);
			path = network;
			sourceTree = "<group>";
		};
		053905522505AF2D004DB1C7 /* animal */ = {
			isa = PBXGroup;
			children = (
				05B8E5DA2744814700CEAF0F /* AnimalItemView.swift */,
				056CFB3A24C37C710012CC7B /* AnimalListView.swift */,
				0539054324F5D71D004DB1C7 /* AnimalListViewModel.swift */,
				0539053F24C4B927004DB1C7 /* AnimalListItem.swift */,
				05390555253CE04A004DB1C7 /* AnimalDetailView.swift */,
				05B462EC260EAA2600395F9D /* AnimalDetailViewModel.swift */,
				05B462E6260687F600395F9D /* AnimalRealmObject.swift */,
				05B462E9260E972900395F9D /* RealmFavoritesManager.swift */,
				059E9D8D2752BB16004B76A2 /* AnimalGalleryView.swift */,
			);
			path = animal;
			sourceTree = "<group>";
		};
		053905532505AF42004DB1C7 /* shelter */ = {
			isa = PBXGroup;
			children = (
				0539054F2505A2DA004DB1C7 /* ShelterListView.swift */,
				0539054D2505A211004DB1C7 /* ShelterViewModel.swift */,
				0539054B24FC763F004DB1C7 /* ShelterListItem.swift */,
			);
			path = shelter;
			sourceTree = "<group>";
		};
		053905542505AF7F004DB1C7 /* ui */ = {
			isa = PBXGroup;
			children = (
				05B8E5D6274205B300CEAF0F /* NavigatorView.swift */,
				0539054724FC707E004DB1C7 /* AppView.swift */,
				05B8E5D12741998900CEAF0F /* Color.swift */,
				05B8E5CF274193FC00CEAF0F /* NavigationBarModifier.swift */,
				0584D3E825E849A0004FBFC1 /* search */,
				05390557253CE5B2004DB1C7 /* location */,
				053905522505AF2D004DB1C7 /* animal */,
				053905532505AF42004DB1C7 /* shelter */,
			);
			path = ui;
			sourceTree = "<group>";
		};
		05390557253CE5B2004DB1C7 /* location */ = {
			isa = PBXGroup;
			children = (
				05390558253CE5CB004DB1C7 /* LocationManager.swift */,
				0539055A253D1BBC004DB1C7 /* LocationView.swift */,
				05B462F426D4844E00395F9D /* SplashView.swift */,
			);
			path = location;
			sourceTree = "<group>";
		};
		056CFB2A24C37C710012CC7B = {
			isa = PBXGroup;
			children = (
				05C387C927768FB300F82D68 /* Constants.swift */,
				053905542505AF7F004DB1C7 /* ui */,
				053905512505AEEE004DB1C7 /* network */,
				056CFB3524C37C710012CC7B /* app */,
				056CFB3424C37C710012CC7B /* Products */,
			);
			sourceTree = "<group>";
		};
		056CFB3424C37C710012CC7B /* Products */ = {
			isa = PBXGroup;
			children = (
				056CFB3324C37C710012CC7B /* Adoptable.app */,
			);
			name = Products;
			sourceTree = "<group>";
		};
		056CFB3524C37C710012CC7B /* app */ = {
			isa = PBXGroup;
			children = (
				056CFB3624C37C710012CC7B /* AppDelegate.swift */,
				056CFB3824C37C710012CC7B /* SceneDelegate.swift */,
				05395F2C25DAFCA50013990B /* Resource.swift */,
				056CFB3C24C37C730012CC7B /* Assets.xcassets */,
				056CFB4124C37C730012CC7B /* LaunchScreen.storyboard */,
				056CFB4424C37C730012CC7B /* Info.plist */,
				056CFB3E24C37C730012CC7B /* Preview Content */,
			);
			path = app;
			sourceTree = "<group>";
		};
		056CFB3E24C37C730012CC7B /* Preview Content */ = {
			isa = PBXGroup;
			children = (
				056CFB3F24C37C730012CC7B /* Preview Assets.xcassets */,
			);
			path = "Preview Content";
			sourceTree = "<group>";
		};
		0584D3E825E849A0004FBFC1 /* search */ = {
			isa = PBXGroup;
			children = (
				0584D3E925E849D5004FBFC1 /* SearchView.swift */,
				0584D3EC25E87437004FBFC1 /* SearchArgumentMapper.swift */,
				0584D3F325E96EA5004FBFC1 /* SearchViewModel.swift */,
				057CEB0025E9819B009CD741 /* BreedListItem.swift */,
			);
			path = search;
			sourceTree = "<group>";
		};
		05B317A02572BA93006665C5 /* image */ = {
			isa = PBXGroup;
			children = (
				05B317A12572BAB5006665C5 /* ImageCache.swift */,
				05B317A32572BAE8006665C5 /* AsyncImage.swift */,
				05B317A52572BB09006665C5 /* ImageLoader.swift */,
				05B317A72572BC65006665C5 /* EnvironmentValues+ImageCache.swift */,
			);
			path = image;
			sourceTree = "<group>";
		};
/* End PBXGroup section */

/* Begin PBXNativeTarget section */
		056CFB3224C37C710012CC7B /* Adoptable */ = {
			isa = PBXNativeTarget;
			buildConfigurationList = 056CFB4724C37C730012CC7B /* Build configuration list for PBXNativeTarget "Adoptable" */;
			buildPhases = (
				056CFB2F24C37C710012CC7B /* Sources */,
				056CFB3024C37C710012CC7B /* Frameworks */,
				056CFB3124C37C710012CC7B /* Resources */,
			);
			buildRules = (
			);
			dependencies = (
			);
			name = Adoptable;
			packageProductDependencies = (
				05B462E12601907B00395F9D /* Realm */,
				05B462E32601907B00395F9D /* RealmSwift */,
			);
			productName = Adoptable;
			productReference = 056CFB3324C37C710012CC7B /* Adoptable.app */;
			productType = "com.apple.product-type.application";
		};
/* End PBXNativeTarget section */

/* Begin PBXProject section */
		056CFB2B24C37C710012CC7B /* Project object */ = {
			isa = PBXProject;
			attributes = {
				LastSwiftUpdateCheck = 1130;
				LastUpgradeCheck = 1220;
				ORGANIZATIONNAME = "Rowan Hall";
				TargetAttributes = {
					056CFB3224C37C710012CC7B = {
						CreatedOnToolsVersion = 11.3.1;
					};
				};
			};
			buildConfigurationList = 056CFB2E24C37C710012CC7B /* Build configuration list for PBXProject "Adoptable" */;
			compatibilityVersion = "Xcode 9.3";
			developmentRegion = en;
			hasScannedForEncodings = 0;
			knownRegions = (
				en,
				Base,
			);
			mainGroup = 056CFB2A24C37C710012CC7B;
			packageReferences = (
				05B462E02601907B00395F9D /* XCRemoteSwiftPackageReference "realm-cocoa" */,
			);
			productRefGroup = 056CFB3424C37C710012CC7B /* Products */;
			projectDirPath = "";
			projectRoot = "";
			targets = (
				056CFB3224C37C710012CC7B /* Adoptable */,
			);
		};
/* End PBXProject section */

/* Begin PBXResourcesBuildPhase section */
		056CFB3124C37C710012CC7B /* Resources */ = {
			isa = PBXResourcesBuildPhase;
			buildActionMask = 2147483647;
			files = (
				056CFB4324C37C730012CC7B /* LaunchScreen.storyboard in Resources */,
				056CFB4024C37C730012CC7B /* Preview Assets.xcassets in Resources */,
				056CFB3D24C37C730012CC7B /* Assets.xcassets in Resources */,
			);
			runOnlyForDeploymentPostprocessing = 0;
		};
/* End PBXResourcesBuildPhase section */

/* Begin PBXSourcesBuildPhase section */
		056CFB2F24C37C710012CC7B /* Sources */ = {
			isa = PBXSourcesBuildPhase;
			buildActionMask = 2147483647;
			files = (
				056CFB3724C37C710012CC7B /* AppDelegate.swift in Sources */,
				0539054224C4CB32004DB1C7 /* AnimalResponse.swift in Sources */,
				05B317A22572BAB5006665C5 /* ImageCache.swift in Sources */,
				05B317A42572BAE8006665C5 /* AsyncImage.swift in Sources */,
				0584D3EA25E849D5004FBFC1 /* SearchView.swift in Sources */,
				0539054C24FC763F004DB1C7 /* ShelterListItem.swift in Sources */,
				05B8E5DB2744814700CEAF0F /* AnimalItemView.swift in Sources */,
				05B462ED260EAA2600395F9D /* AnimalDetailViewModel.swift in Sources */,
				0539054E2505A211004DB1C7 /* ShelterViewModel.swift in Sources */,
				05390556253CE04A004DB1C7 /* AnimalDetailView.swift in Sources */,
				05B8E5D7274205B300CEAF0F /* NavigatorView.swift in Sources */,
				059E9D8E2752BB16004B76A2 /* AnimalGalleryView.swift in Sources */,
				0539054424F5D71D004DB1C7 /* AnimalListViewModel.swift in Sources */,
				05B462E7260687F600395F9D /* AnimalRealmObject.swift in Sources */,
				0584D3ED25E87437004FBFC1 /* SearchArgumentMapper.swift in Sources */,
				05395F2D25DAFCA50013990B /* Resource.swift in Sources */,
				057CEB0125E9819B009CD741 /* BreedListItem.swift in Sources */,
				05B8E5D0274193FC00CEAF0F /* NavigationBarModifier.swift in Sources */,
				0584D3F025E96CFE004FBFC1 /* BreedsResponse.swift in Sources */,
				05B8E5D22741998900CEAF0F /* Color.swift in Sources */,
				05C387CA27768FB300F82D68 /* Constants.swift in Sources */,
				05B462EA260E972900395F9D /* RealmFavoritesManager.swift in Sources */,
				05395F2625ABC3140013990B /* ShelterAnimalArguments.swift in Sources */,
				05395F1E25AB921C0013990B /* AnimalArguments.swift in Sources */,
				05B462F526D4844E00395F9D /* SplashView.swift in Sources */,
				0539054024C4B927004DB1C7 /* AnimalListItem.swift in Sources */,
				0539055B253D1BBC004DB1C7 /* LocationView.swift in Sources */,
				05B317A82572BC65006665C5 /* EnvironmentValues+ImageCache.swift in Sources */,
				053905502505A2DA004DB1C7 /* ShelterListView.swift in Sources */,
				0539054A24FC7444004DB1C7 /* ShelterResponse.swift in Sources */,
				05395F2125AB925C0013990B /* NearbyAnimalArguments.swift in Sources */,
				0539054824FC707E004DB1C7 /* AppView.swift in Sources */,
				05390559253CE5CB004DB1C7 /* LocationManager.swift in Sources */,
				05B317A62572BB09006665C5 /* ImageLoader.swift in Sources */,
				0539054624F5D762004DB1C7 /* PetfinderRepository.swift in Sources */,
				05B462F1260EB7B600395F9D /* FavoritesAnimalArguments.swift in Sources */,
				0584D3F425E96EA5004FBFC1 /* SearchViewModel.swift in Sources */,
				056CFB3924C37C710012CC7B /* SceneDelegate.swift in Sources */,
				056CFB3B24C37C710012CC7B /* AnimalListView.swift in Sources */,
			);
			runOnlyForDeploymentPostprocessing = 0;
		};
/* End PBXSourcesBuildPhase section */

/* Begin PBXVariantGroup section */
		056CFB4124C37C730012CC7B /* LaunchScreen.storyboard */ = {
			isa = PBXVariantGroup;
			children = (
				056CFB4224C37C730012CC7B /* Base */,
			);
			name = LaunchScreen.storyboard;
			sourceTree = "<group>";
		};
/* End PBXVariantGroup section */

/* Begin XCBuildConfiguration section */
		056CFB4524C37C730012CC7B /* Debug */ = {
			isa = XCBuildConfiguration;
			buildSettings = {
				ALWAYS_SEARCH_USER_PATHS = NO;
				CLANG_ANALYZER_NONNULL = YES;
				CLANG_ANALYZER_NUMBER_OBJECT_CONVERSION = YES_AGGRESSIVE;
				CLANG_CXX_LANGUAGE_STANDARD = "gnu++14";
				CLANG_CXX_LIBRARY = "libc++";
				CLANG_ENABLE_MODULES = YES;
				CLANG_ENABLE_OBJC_ARC = YES;
				CLANG_ENABLE_OBJC_WEAK = YES;
				CLANG_WARN_BLOCK_CAPTURE_AUTORELEASING = YES;
				CLANG_WARN_BOOL_CONVERSION = YES;
				CLANG_WARN_COMMA = YES;
				CLANG_WARN_CONSTANT_CONVERSION = YES;
				CLANG_WARN_DEPRECATED_OBJC_IMPLEMENTATIONS = YES;
				CLANG_WARN_DIRECT_OBJC_ISA_USAGE = YES_ERROR;
				CLANG_WARN_DOCUMENTATION_COMMENTS = YES;
				CLANG_WARN_EMPTY_BODY = YES;
				CLANG_WARN_ENUM_CONVERSION = YES;
				CLANG_WARN_INFINITE_RECURSION = YES;
				CLANG_WARN_INT_CONVERSION = YES;
				CLANG_WARN_NON_LITERAL_NULL_CONVERSION = YES;
				CLANG_WARN_OBJC_IMPLICIT_RETAIN_SELF = YES;
				CLANG_WARN_OBJC_LITERAL_CONVERSION = YES;
				CLANG_WARN_OBJC_ROOT_CLASS = YES_ERROR;
				CLANG_WARN_QUOTED_INCLUDE_IN_FRAMEWORK_HEADER = YES;
				CLANG_WARN_RANGE_LOOP_ANALYSIS = YES;
				CLANG_WARN_STRICT_PROTOTYPES = YES;
				CLANG_WARN_SUSPICIOUS_MOVE = YES;
				CLANG_WARN_UNGUARDED_AVAILABILITY = YES_AGGRESSIVE;
				CLANG_WARN_UNREACHABLE_CODE = YES;
				CLANG_WARN__DUPLICATE_METHOD_MATCH = YES;
				COPY_PHASE_STRIP = NO;
				DEBUG_INFORMATION_FORMAT = dwarf;
				ENABLE_STRICT_OBJC_MSGSEND = YES;
				ENABLE_TESTABILITY = YES;
				GCC_C_LANGUAGE_STANDARD = gnu11;
				GCC_DYNAMIC_NO_PIC = NO;
				GCC_NO_COMMON_BLOCKS = YES;
				GCC_OPTIMIZATION_LEVEL = 0;
				GCC_PREPROCESSOR_DEFINITIONS = (
					"DEBUG=1",
					"$(inherited)",
				);
				GCC_WARN_64_TO_32_BIT_CONVERSION = YES;
				GCC_WARN_ABOUT_RETURN_TYPE = YES_ERROR;
				GCC_WARN_UNDECLARED_SELECTOR = YES;
				GCC_WARN_UNINITIALIZED_AUTOS = YES_AGGRESSIVE;
				GCC_WARN_UNUSED_FUNCTION = YES;
				GCC_WARN_UNUSED_VARIABLE = YES;
				IPHONEOS_DEPLOYMENT_TARGET = 15.0;
				MTL_ENABLE_DEBUG_INFO = INCLUDE_SOURCE;
				MTL_FAST_MATH = YES;
				ONLY_ACTIVE_ARCH = YES;
				SDKROOT = iphoneos;
				SWIFT_ACTIVE_COMPILATION_CONDITIONS = DEBUG;
				SWIFT_OPTIMIZATION_LEVEL = "-Onone";
			};
			name = Debug;
		};
		056CFB4624C37C730012CC7B /* Release */ = {
			isa = XCBuildConfiguration;
			buildSettings = {
				ALWAYS_SEARCH_USER_PATHS = NO;
				CLANG_ANALYZER_NONNULL = YES;
				CLANG_ANALYZER_NUMBER_OBJECT_CONVERSION = YES_AGGRESSIVE;
				CLANG_CXX_LANGUAGE_STANDARD = "gnu++14";
				CLANG_CXX_LIBRARY = "libc++";
				CLANG_ENABLE_MODULES = YES;
				CLANG_ENABLE_OBJC_ARC = YES;
				CLANG_ENABLE_OBJC_WEAK = YES;
				CLANG_WARN_BLOCK_CAPTURE_AUTORELEASING = YES;
				CLANG_WARN_BOOL_CONVERSION = YES;
				CLANG_WARN_COMMA = YES;
				CLANG_WARN_CONSTANT_CONVERSION = YES;
				CLANG_WARN_DEPRECATED_OBJC_IMPLEMENTATIONS = YES;
				CLANG_WARN_DIRECT_OBJC_ISA_USAGE = YES_ERROR;
				CLANG_WARN_DOCUMENTATION_COMMENTS = YES;
				CLANG_WARN_EMPTY_BODY = YES;
				CLANG_WARN_ENUM_CONVERSION = YES;
				CLANG_WARN_INFINITE_RECURSION = YES;
				CLANG_WARN_INT_CONVERSION = YES;
				CLANG_WARN_NON_LITERAL_NULL_CONVERSION = YES;
				CLANG_WARN_OBJC_IMPLICIT_RETAIN_SELF = YES;
				CLANG_WARN_OBJC_LITERAL_CONVERSION = YES;
				CLANG_WARN_OBJC_ROOT_CLASS = YES_ERROR;
				CLANG_WARN_QUOTED_INCLUDE_IN_FRAMEWORK_HEADER = YES;
				CLANG_WARN_RANGE_LOOP_ANALYSIS = YES;
				CLANG_WARN_STRICT_PROTOTYPES = YES;
				CLANG_WARN_SUSPICIOUS_MOVE = YES;
				CLANG_WARN_UNGUARDED_AVAILABILITY = YES_AGGRESSIVE;
				CLANG_WARN_UNREACHABLE_CODE = YES;
				CLANG_WARN__DUPLICATE_METHOD_MATCH = YES;
				COPY_PHASE_STRIP = NO;
				DEBUG_INFORMATION_FORMAT = "dwarf-with-dsym";
				ENABLE_NS_ASSERTIONS = NO;
				ENABLE_STRICT_OBJC_MSGSEND = YES;
				GCC_C_LANGUAGE_STANDARD = gnu11;
				GCC_NO_COMMON_BLOCKS = YES;
				GCC_WARN_64_TO_32_BIT_CONVERSION = YES;
				GCC_WARN_ABOUT_RETURN_TYPE = YES_ERROR;
				GCC_WARN_UNDECLARED_SELECTOR = YES;
				GCC_WARN_UNINITIALIZED_AUTOS = YES_AGGRESSIVE;
				GCC_WARN_UNUSED_FUNCTION = YES;
				GCC_WARN_UNUSED_VARIABLE = YES;
				IPHONEOS_DEPLOYMENT_TARGET = 15.0;
				MTL_ENABLE_DEBUG_INFO = NO;
				MTL_FAST_MATH = YES;
				SDKROOT = iphoneos;
				SWIFT_COMPILATION_MODE = wholemodule;
				SWIFT_OPTIMIZATION_LEVEL = "-O";
				VALIDATE_PRODUCT = YES;
			};
			name = Release;
		};
		056CFB4824C37C730012CC7B /* Debug */ = {
			isa = XCBuildConfiguration;
			buildSettings = {
				ASSETCATALOG_COMPILER_APPICON_NAME = AppIcon;
				CODE_SIGN_STYLE = Automatic;
				DEVELOPMENT_ASSET_PATHS = "\"app/Preview Content\"";
				DEVELOPMENT_TEAM = 428BAHN7QK;
				ENABLE_PREVIEWS = YES;
				INFOPLIST_FILE = app/Info.plist;
				IPHONEOS_DEPLOYMENT_TARGET = 15.0;
				LD_RUNPATH_SEARCH_PATHS = (
					"$(inherited)",
					"@executable_path/Frameworks",
				);
				PRODUCT_BUNDLE_IDENTIFIER = com.rowan.Adoptable;
				PRODUCT_NAME = "$(TARGET_NAME)";
				SWIFT_VERSION = 5.0;
				TARGETED_DEVICE_FAMILY = 1;
			};
			name = Debug;
		};
		056CFB4924C37C730012CC7B /* Release */ = {
			isa = XCBuildConfiguration;
			buildSettings = {
				ASSETCATALOG_COMPILER_APPICON_NAME = AppIcon;
				CODE_SIGN_STYLE = Automatic;
				DEVELOPMENT_ASSET_PATHS = "\"app/Preview Content\"";
				DEVELOPMENT_TEAM = 428BAHN7QK;
				ENABLE_PREVIEWS = YES;
				INFOPLIST_FILE = app/Info.plist;
				IPHONEOS_DEPLOYMENT_TARGET = 15.0;
				LD_RUNPATH_SEARCH_PATHS = (
					"$(inherited)",
					"@executable_path/Frameworks",
				);
				PRODUCT_BUNDLE_IDENTIFIER = com.rowan.Adoptable;
				PRODUCT_NAME = "$(TARGET_NAME)";
				SWIFT_VERSION = 5.0;
				TARGETED_DEVICE_FAMILY = 1;
			};
			name = Release;
		};
/* End XCBuildConfiguration section */

/* Begin XCConfigurationList section */
		056CFB2E24C37C710012CC7B /* Build configuration list for PBXProject "Adoptable" */ = {
			isa = XCConfigurationList;
			buildConfigurations = (
				056CFB4524C37C730012CC7B /* Debug */,
				056CFB4624C37C730012CC7B /* Release */,
			);
			defaultConfigurationIsVisible = 0;
			defaultConfigurationName = Release;
		};
		056CFB4724C37C730012CC7B /* Build configuration list for PBXNativeTarget "Adoptable" */ = {
			isa = XCConfigurationList;
			buildConfigurations = (
				056CFB4824C37C730012CC7B /* Debug */,
				056CFB4924C37C730012CC7B /* Release */,
			);
			defaultConfigurationIsVisible = 0;
			defaultConfigurationName = Release;
		};
/* End XCConfigurationList section */

/* Begin XCRemoteSwiftPackageReference section */
		05B462E02601907B00395F9D /* XCRemoteSwiftPackageReference "realm-cocoa" */ = {
			isa = XCRemoteSwiftPackageReference;
			repositoryURL = "https://github.com/realm/realm-cocoa.git";
			requirement = {
				kind = upToNextMajorVersion;
				minimumVersion = 10.7.2;
			};
		};
/* End XCRemoteSwiftPackageReference section */

/* Begin XCSwiftPackageProductDependency section */
		05B462E12601907B00395F9D /* Realm */ = {
			isa = XCSwiftPackageProductDependency;
			package = 05B462E02601907B00395F9D /* XCRemoteSwiftPackageReference "realm-cocoa" */;
			productName = Realm;
		};
		05B462E32601907B00395F9D /* RealmSwift */ = {
			isa = XCSwiftPackageProductDependency;
			package = 05B462E02601907B00395F9D /* XCRemoteSwiftPackageReference "realm-cocoa" */;
			productName = RealmSwift;
		};
/* End XCSwiftPackageProductDependency section */
	};
	rootObject = 056CFB2B24C37C710012CC7B /* Project object */;
}
